
Microsoft Visual Studio Solution File, Format Version 12.00
# Visual Studio Version 16
VisualStudioVersion = 16.0.32802.440
MinimumVisualStudioVersion = 10.0.40219.1
Project("{FAE04EC0-301F-11D3-BF4B-00C04F79EFBC}") = "Capa_presentacion", "Pantallas_Sistema_Facturación1\Capa_presentacion.csproj", "{FBE00A55-2650-49F5-8D03-8F5B891F427F}"
EndProject
Project("{FAE04EC0-301F-11D3-BF4B-00C04F79EFBC}") = "Capa_LogicaDeNegocios", "Capa_LogicaDeNegocios\Capa_LogicaDeNegocios.csproj", "{EE6DCA26-3597-4800-8E6D-6EBF527325B5}"
EndProject
Project("{FAE04EC0-301F-11D3-BF4B-00C04F79EFBC}") = "Capa_AccesoDatos", "Capa_AccesoDatos\Capa_AccesoDatos.csproj", "{B3A16AAC-4C22-482E-A095-3AF1B0BB1E29}"
EndProject
Global
	GlobalSection(SolutionConfigurationPlatforms) = preSolution
		Debug|Any CPU = Debug|Any CPU
		Release|Any CPU = Release|Any CPU
	EndGlobalSection
	GlobalSection(ProjectConfigurationPlatforms) = postSolution
		{FBE00A55-2650-49F5-8D03-8F5B891F427F}.Debug|Any CPU.ActiveCfg = Debug|Any CPU
		{FBE00A55-2650-49F5-8D03-8F5B891F427F}.Debug|Any CPU.Build.0 = Debug|Any CPU
		{FBE00A55-2650-49F5-8D03-8F5B891F427F}.Release|Any CPU.ActiveCfg = Release|Any CPU
		{FBE00A55-2650-49F5-8D03-8F5B891F427F}.Release|Any CPU.Build.0 = Release|Any CPU
		{EE6DCA26-3597-4800-8E6D-6EBF527325B5}.Debug|Any CPU.ActiveCfg = Debug|Any CPU
		{EE6DCA26-3597-4800-8E6D-6EBF527325B5}.Debug|Any CPU.Build.0 = Debug|Any CPU
		{EE6DCA26-3597-4800-8E6D-6EBF527325B5}.Release|Any CPU.ActiveCfg = Release|Any CPU
		{EE6DCA26-3597-4800-8E6D-6EBF527325B5}.Release|Any CPU.Build.0 = Release|Any CPU
		{B3A16AAC-4C22-482E-A095-3AF1B0BB1E29}.Debug|Any CPU.ActiveCfg = Debug|Any CPU
		{B3A16AAC-4C22-482E-A095-3AF1B0BB1E29}.Debug|Any CPU.Build.0 = Debug|Any CPU
		{B3A16AAC-4C22-482E-A095-3AF1B0BB1E29}.Release|Any CPU.ActiveCfg = Release|Any CPU
		{B3A16AAC-4C22-482E-A095-3AF1B0BB1E29}.Release|Any CPU.Build.0 = Release|Any CPU
	EndGlobalSection
	GlobalSection(SolutionProperties) = preSolution
		HideSolutionNode = FALSE
	EndGlobalSection
	GlobalSection(ExtensibilityGlobals) = postSolution
		SolutionGuid = {20373026-F4FB-4551-B0B7-4B2F3204C94D}
	EndGlobalSection
EndGlobal
